
Microsoft Visual Studio Solution File, Format Version 12.00
# Visual Studio Version 17
VisualStudioVersion = 17.4.33213.308
MinimumVisualStudioVersion = 10.0.40219.1
Project("{FAE04EC0-301F-11D3-BF4B-00C04F79EFBC}") = "SealedClass", "SealedClass\SealedClass.csproj", "{C9E5EF3A-D93B-4A36-991F-7D0B40E99D23}"
EndProject
Global
	GlobalSection(SolutionConfigurationPlatforms) = preSolution
		Debug|Any CPU = Debug|Any CPU
		Release|Any CPU = Release|Any CPU
	EndGlobalSection
	GlobalSection(ProjectConfigurationPlatforms) = postSolution
		{C9E5EF3A-D93B-4A36-991F-7D0B40E99D23}.Debug|Any CPU.ActiveCfg = Debug|Any CPU
		{C9E5EF3A-D93B-4A36-991F-7D0B40E99D23}.Debug|Any CPU.Build.0 = Debug|Any CPU
		{C9E5EF3A-D93B-4A36-991F-7D0B40E99D23}.Release|Any CPU.ActiveCfg = Release|Any CPU
		{C9E5EF3A-D93B-4A36-991F-7D0B40E99D23}.Release|Any CPU.Build.0 = Release|Any CPU
	EndGlobalSection
	GlobalSection(SolutionProperties) = preSolution
		HideSolutionNode = FALSE
	EndGlobalSection
	GlobalSection(ExtensibilityGlobals) = postSolution
		SolutionGuid = {5A62B44F-7521-4C65-8CBF-4A464E18DFBD}
	EndGlobalSection
EndGlobal
